
Microsoft Visual Studio Solution File, Format Version 12.00
# Visual Studio Version 16
VisualStudioVersion = 16.0.31911.196
MinimumVisualStudioVersion = 10.0.40219.1
Project("{FAE04EC0-301F-11D3-BF4B-00C04F79EFBC}") = "WpfApp1", "WpfApp1\WpfApp1.csproj", "{B2B0A23E-943A-4434-9045-D0602E68BFB2}"
EndProject
Global
	GlobalSection(SolutionConfigurationPlatforms) = preSolution
		Debug|Any CPU = Debug|Any CPU
		Release|Any CPU = Release|Any CPU
	EndGlobalSection
	GlobalSection(ProjectConfigurationPlatforms) = postSolution
		{B2B0A23E-943A-4434-9045-D0602E68BFB2}.Debug|Any CPU.ActiveCfg = Debug|Any CPU
		{B2B0A23E-943A-4434-9045-D0602E68BFB2}.Debug|Any CPU.Build.0 = Debug|Any CPU
		{B2B0A23E-943A-4434-9045-D0602E68BFB2}.Release|Any CPU.ActiveCfg = Release|Any CPU
		{B2B0A23E-943A-4434-9045-D0602E68BFB2}.Release|Any CPU.Build.0 = Release|Any CPU
	EndGlobalSection
	GlobalSection(SolutionProperties) = preSolution
		HideSolutionNode = FALSE
	EndGlobalSection
	GlobalSection(ExtensibilityGlobals) = postSolution
		SolutionGuid = {E0A70151-D0FD-4894-85D9-2495800D9485}
	EndGlobalSection
EndGlobal
